# This file is automatically @generated by Poetry and should not be changed by hand.

[[package]]
name = "arrow"
version = "0.15.2"
description = "Better dates & times for Python"
category = "main"
optional = false
python-versions = ">=2.7, !=3.0.*, !=3.1.*, !=3.2.*, !=3.3.*, !=3.4.*"
files = [
    {file = "arrow-0.15.2-py2.py3-none-any.whl", hash = "sha256:c2325911fcd79972cf493cfd957072f9644af8ad25456201ae1ede3316576eb4"},
    {file = "arrow-0.15.2.tar.gz", hash = "sha256:10257c5daba1a88db34afa284823382f4963feca7733b9107956bed041aff24f"},
]

[package.dependencies]
python-dateutil = "*"

[[package]]
name = "dateparser"
version = "0.7.2"
description = "Date parsing library designed to parse dates from HTML pages"
category = "main"
optional = false
python-versions = ">=2.7, !=3.0.*, !=3.1.*, !=3.2.*, !=3.3.*, !=3.4.*"
files = [
    {file = "dateparser-0.7.2-py2.py3-none-any.whl", hash = "sha256:983d84b5e3861cb0aa240cad07f12899bb10b62328aae188b9007e04ce37d665"},
    {file = "dateparser-0.7.2.tar.gz", hash = "sha256:e1eac8ef28de69a554d5fcdb60b172d526d61924b1a40afbbb08df459a36006b"},
]

[package.dependencies]
python-dateutil = "*"
pytz = "*"
regex = "*"
tzlocal = "*"

[[package]]
name = "django"
version = "2.2.5"
description = "A high-level Python Web framework that encourages rapid development and clean, pragmatic design."
category = "main"
optional = false
python-versions = ">=3.5"
files = [
    {file = "Django-2.2.5-py3-none-any.whl", hash = "sha256:148a4a2d1a85b23883b0a4e99ab7718f518a83675e4485e44dc0c1d36988c5fa"},
    {file = "Django-2.2.5.tar.gz", hash = "sha256:deb70aa038e59b58593673b15e9a711d1e5ccd941b5973b30750d5d026abfd56"},
]

[package.dependencies]
pytz = "*"
sqlparse = "*"

[package.extras]
argon2 = ["argon2-cffi (>=16.1.0)"]
bcrypt = ["bcrypt"]

[[package]]
name = "django-localflavor"
version = "2.2"
description = "Country-specific Django helpers"
category = "main"
optional = false
python-versions = "*"
files = [
    {file = "django-localflavor-2.2.tar.gz", hash = "sha256:628f382ac0b8ce401d4ba684031abd2548c24782df9fb0d5c7ad44c35a2bb095"},
    {file = "django_localflavor-2.2-py2.py3-none-any.whl", hash = "sha256:7a4fa03651e609c30f720e35fb9442cddefa1975646cf9d6765a2ba1ed139961"},
]

[package.dependencies]
django = ">=1.11"
python-stdnum = ">=1.0"

[[package]]
name = "djangorestframework"
version = "3.10.3"
description = "Web APIs for Django, made easy."
category = "main"
optional = false
python-versions = ">=3.5"
files = [
    {file = "djangorestframework-3.10.3-py3-none-any.whl", hash = "sha256:5488aed8f8df5ec1d70f04b2114abc52ae6729748a176c453313834a9ee179c8"},
    {file = "djangorestframework-3.10.3.tar.gz", hash = "sha256:dc81cbf9775c6898a580f6f1f387c4777d12bd87abf0f5406018d32ccae71090"},
]

[[package]]
name = "python-dateutil"
version = "2.8.0"
description = "Extensions to the standard Python datetime module"
category = "main"
optional = false
python-versions = ">=2.7, !=3.0.*, !=3.1.*, !=3.2.*"
files = [
    {file = "python-dateutil-2.8.0.tar.gz", hash = "sha256:c89805f6f4d64db21ed966fda138f8a5ed7a4fdbc1a8ee329ce1b74e3c74da9e"},
    {file = "python_dateutil-2.8.0-py2.py3-none-any.whl", hash = "sha256:7e6584c74aeed623791615e26efd690f29817a27c73085b78e4bad02493df2fb"},
]

[package.dependencies]
six = ">=1.5"

[[package]]
name = "python-stdnum"
version = "1.11"
description = "Python module to handle standardized numbers and codes"
category = "main"
optional = false
python-versions = "*"
files = [
    {file = "python-stdnum-1.11.tar.gz", hash = "sha256:d5f0af1bee9ddd9a20b398b46ce062dbd4d41fcc9646940f2667256a44df3854"},
    {file = "python_stdnum-1.11-py2.py3-none-any.whl", hash = "sha256:f445ec32bf5246c90389204cabba465f494545371c29a83fa2d30e6c872a6763"},
]

[package.extras]
soap = ["zeep"]
soap-alt = ["suds"]
soap-fallback = ["PySimpleSOAP"]

[[package]]
name = "pytz"
version = "2019.2"
description = "World timezone definitions, modern and historical"
category = "main"
optional = false
python-versions = "*"
files = [
    {file = "pytz-2019.2-py2.py3-none-any.whl", hash = "sha256:c894d57500a4cd2d5c71114aaab77dbab5eabd9022308ce5ac9bb93a60a6f0c7"},
    {file = "pytz-2019.2.tar.gz", hash = "sha256:26c0b32e437e54a18161324a2fca3c4b9846b74a8dccddd843113109e1116b32"},
]

[[package]]
name = "regex"
version = "2019.08.19"
description = "Alternative regular expression module, to replace re."
category = "main"
optional = false
python-versions = "*"
files = [
    {file = "regex-2019.08.19-cp27-none-win32.whl", hash = "sha256:1e9f9bc44ca195baf0040b1938e6801d2f3409661c15fe57f8164c678cfc663f"},
    {file = "regex-2019.08.19-cp27-none-win_amd64.whl", hash = "sha256:93f6c9da57e704e128d90736430c5c59dd733327882b371b0cae8833106c2a21"},
    {file = "regex-2019.08.19-cp35-none-win32.whl", hash = "sha256:c5c8999b3a341b21ac2c6ec704cfcccbc50f1fedd61b6a8ee915ca7fd4b0a557"},
    {file = "regex-2019.08.19-cp35-none-win_amd64.whl", hash = "sha256:f2b37b5b2c2a9d56d9e88efef200ec09c36c7f323f9d58d0b985a90923df386d"},
    {file = "regex-2019.08.19-cp36-none-win32.whl", hash = "sha256:d96479257e8e4d1d7800adb26bf9c5ca5bab1648a1eddcac84d107b73dc68327"},
    {file = "regex-2019.08.19-cp36-none-win_amd64.whl", hash = "sha256:a46f27d267665016acb3ec8c6046ec5eae8cf80befe85ba47f43c6f5ec636dcd"},
    {file = "regex-2019.08.19-cp37-none-win32.whl", hash = "sha256:d4d1829cf97632673aa49f378b0a2c3925acd795148c5ace8ef854217abbee89"},
    {file = "regex-2019.08.19-cp37-none-win_amd64.whl", hash = "sha256:fe765b809a1f7ce642c2edeee351e7ebd84391640031ba4b60af8d91a9045890"},
    {file = "regex-2019.08.19-cp38-none-win32.whl", hash = "sha256:f20f4912daf443220436759858f96fefbfc6c6ba9e67835fd6e4e9b73582791a"},
    {file = "regex-2019.08.19-cp38-none-win_amd64.whl", hash = "sha256:835ccdcdc612821edf132c20aef3eaaecfb884c9454fdc480d5887562594ac61"},
    {file = "regex-2019.08.19.tar.gz", hash = "sha256:587b62d48ca359d2d4f02d486f1f0aa9a20fbaf23a9d4198c4bed72ab2f6c849"},
]

[[package]]
name = "six"
version = "1.12.0"
description = "Python 2 and 3 compatibility utilities"
category = "main"
optional = false
python-versions = ">=2.6, !=3.0.*, !=3.1.*"
files = [
    {file = "six-1.12.0-py2.py3-none-any.whl", hash = "sha256:3350809f0555b11f552448330d0b52d5f24c91a322ea4a15ef22629740f3761c"},
    {file = "six-1.12.0.tar.gz", hash = "sha256:d16a0141ec1a18405cd4ce8b4613101da75da0e9a7aec5bdd4fa804d0e0eba73"},
]

[[package]]
name = "sqlparse"
version = "0.4.4"
description = "A non-validating SQL parser."
category = "main"
optional = false
python-versions = ">=3.5"
files = [
    {file = "sqlparse-0.4.4-py3-none-any.whl", hash = "sha256:5430a4fe2ac7d0f93e66f1efc6e1338a41884b7ddf2a350cedd20ccc4d9d28f3"},
    {file = "sqlparse-0.4.4.tar.gz", hash = "sha256:d446183e84b8349fa3061f0fe7f06ca94ba65b426946ffebe6e3e8295332420c"},
]

[package.extras]
dev = ["build", "flake8"]
doc = ["sphinx"]
test = ["pytest", "pytest-cov"]

[[package]]
name = "tzlocal"
version = "2.0.0"
description = "tzinfo object for the local timezone"
category = "main"
optional = false
python-versions = "*"
files = [
    {file = "tzlocal-2.0.0-py2.py3-none-any.whl", hash = "sha256:11c9f16e0a633b4b60e1eede97d8a46340d042e67b670b290ca526576e039048"},
    {file = "tzlocal-2.0.0.tar.gz", hash = "sha256:949b9dd5ba4be17190a80c0268167d7e6c92c62b30026cf9764caf3e308e5590"},
]

[package.dependencies]
pytz = "*"

[metadata]
lock-version = "2.0"
python-versions = "^3.7"
content-hash = "e8ac2b120b6d9cd690cd35d824018d8fadc71e27cc8624fd48a7f80b00834bec"
